
Microsoft Visual Studio Solution File, Format Version 12.00
# Visual Studio Version 17
VisualStudioVersion = 17.8.34316.72
MinimumVisualStudioVersion = 10.0.40219.1
Project("{FAE04EC0-301F-11D3-BF4B-00C04F79EFBC}") = "GUICW", "GUICW\GUICW.csproj", "{B25A06CD-2F35-43E8-9FE1-90A38B1A6F4D}"
EndProject
Global
	GlobalSection(SolutionConfigurationPlatforms) = preSolution
		Debug|Any CPU = Debug|Any CPU
		Release|Any CPU = Release|Any CPU
	EndGlobalSection
	GlobalSection(ProjectConfigurationPlatforms) = postSolution
		{B25A06CD-2F35-43E8-9FE1-90A38B1A6F4D}.Debug|Any CPU.ActiveCfg = Debug|Any CPU
		{B25A06CD-2F35-43E8-9FE1-90A38B1A6F4D}.Debug|Any CPU.Build.0 = Debug|Any CPU
		{B25A06CD-2F35-43E8-9FE1-90A38B1A6F4D}.Release|Any CPU.ActiveCfg = Release|Any CPU
		{B25A06CD-2F35-43E8-9FE1-90A38B1A6F4D}.Release|Any CPU.Build.0 = Release|Any CPU
	EndGlobalSection
	GlobalSection(SolutionProperties) = preSolution
		HideSolutionNode = FALSE
	EndGlobalSection
	GlobalSection(ExtensibilityGlobals) = postSolution
		SolutionGuid = {814741B5-DFC0-4B6D-AAAE-7CAEB376E94A}
	EndGlobalSection
EndGlobal
